
Microsoft Visual Studio Solution File, Format Version 12.00
Project("{FAE04EC0-301F-11D3-BF4B-00C04F79EFBC}") = "PlantUml.Reflector", "src\PlantUml.Reflector\PlantUml.Reflector.csproj", "{B07F7141-7FD3-41EA-95B8-7E68E308E705}"
EndProject
Project("{2150E333-8FDC-42A3-9474-1A3956D46DE8}") = "Tests", "Tests", "{82A4E004-3B89-4A1E-B0A3-4775D3D3CF66}"
EndProject
Project("{FAE04EC0-301F-11D3-BF4B-00C04F79EFBC}") = "PlantUml.Reflector.xUnit", "tests\PlantUml.Reflector.xUnit\PlantUml.Reflector.xUnit.csproj", "{AE7B2867-E681-4E5E-BA09-F3816F4B7147}"
EndProject
Global
	GlobalSection(SolutionConfigurationPlatforms) = preSolution
		Debug|Any CPU = Debug|Any CPU
		Release|Any CPU = Release|Any CPU
	EndGlobalSection
	GlobalSection(ProjectConfigurationPlatforms) = postSolution
		{B07F7141-7FD3-41EA-95B8-7E68E308E705}.Debug|Any CPU.ActiveCfg = Debug|Any CPU
		{B07F7141-7FD3-41EA-95B8-7E68E308E705}.Debug|Any CPU.Build.0 = Debug|Any CPU
		{B07F7141-7FD3-41EA-95B8-7E68E308E705}.Release|Any CPU.ActiveCfg = Release|Any CPU
		{B07F7141-7FD3-41EA-95B8-7E68E308E705}.Release|Any CPU.Build.0 = Release|Any CPU
		{AE7B2867-E681-4E5E-BA09-F3816F4B7147}.Debug|Any CPU.ActiveCfg = Debug|Any CPU
		{AE7B2867-E681-4E5E-BA09-F3816F4B7147}.Debug|Any CPU.Build.0 = Debug|Any CPU
		{AE7B2867-E681-4E5E-BA09-F3816F4B7147}.Release|Any CPU.ActiveCfg = Release|Any CPU
		{AE7B2867-E681-4E5E-BA09-F3816F4B7147}.Release|Any CPU.Build.0 = Release|Any CPU
	EndGlobalSection
	GlobalSection(NestedProjects) = preSolution
		{AE7B2867-E681-4E5E-BA09-F3816F4B7147} = {82A4E004-3B89-4A1E-B0A3-4775D3D3CF66}
	EndGlobalSection
EndGlobal
